
Microsoft Visual Studio Solution File, Format Version 12.00
# Visual Studio 15
VisualStudioVersion = 15.0.28010.2050
MinimumVisualStudioVersion = 10.0.40219.1
Project("{FAE04EC0-301F-11D3-BF4B-00C04F79EFBC}") = "CharacterGen.XamarinForms.Android", "CharacterGen.XamarinForms\CharacterGen.XamarinForms.Android\CharacterGen.XamarinForms.Android.csproj", "{0084BB32-A45E-4374-8D82-A0CC98A61720}"
EndProject
Project("{FAE04EC0-301F-11D3-BF4B-00C04F79EFBC}") = "CharacterGen.XamarinForms.iOS", "CharacterGen.XamarinForms\CharacterGen.XamarinForms.iOS\CharacterGen.XamarinForms.iOS.csproj", "{552EF256-523B-4C09-9B77-967EE0231EDA}"
EndProject
Project("{FAE04EC0-301F-11D3-BF4B-00C04F79EFBC}") = "CharacterGen.XamarinForms.UWP", "CharacterGen.XamarinForms\CharacterGen.XamarinForms.UWP\CharacterGen.XamarinForms.UWP.csproj", "{9B2AD39F-5E93-46BA-A6B6-2F87C1A62753}"
EndProject
Project("{FAE04EC0-301F-11D3-BF4B-00C04F79EFBC}") = "CharacterGen.XamarinForms", "CharacterGen.XamarinForms\CharacterGen.XamarinForms\CharacterGen.XamarinForms.csproj", "{A2274541-B16A-41C1-BF53-8CF7C4C2C965}"
EndProject
Project("{FAE04EC0-301F-11D3-BF4B-00C04F79EFBC}") = "CharacterGen.Tests", "CharacterGen.Tests\CharacterGen.Tests.csproj", "{92C5BF62-0061-4E48-B24E-277057B280C2}"
EndProject
Project("{FAE04EC0-301F-11D3-BF4B-00C04F79EFBC}") = "CharacterGen.SharedLogic", "CharacterGen.SharedLogic\CharacterGen.SharedLogic.csproj", "{957144E5-CD9E-4227-B3FC-8F94461C0D38}"
EndProject
Project("{FAE04EC0-301F-11D3-BF4B-00C04F79EFBC}") = "CharacterGen.Ooui", "CharacterGen.Ooui\CharacterGen.Ooui.csproj", "{E46C3B40-759F-4D16-A43D-D1C01E606BD0}"
EndProject
Project("{9A19103F-16F7-4668-BE54-9A1E7A4F7556}") = "CharacterGen.Avalonia", "CharacterGen.Avalonia\CharacterGen.Avalonia.csproj", "{3EFE2CA2-D463-4F01-AC25-8BAB3719EF72}"
EndProject
Project("{FAE04EC0-301F-11D3-BF4B-00C04F79EFBC}") = "CharacterGen.WPF", "CharacterGen.WPF\CharacterGen.WPF.csproj", "{5A8D80E3-F624-4632-BD6E-69BE615AD8E0}"
EndProject
Project("{FAE04EC0-301F-11D3-BF4B-00C04F79EFBC}") = "CharacterGen.DataStorage", "CharacterGen.DataStorage\CharacterGen.DataStorage.csproj", "{04858FD2-1857-492C-B550-BF27ABA4655D}"
EndProject
Global
	GlobalSection(SolutionConfigurationPlatforms) = preSolution
		Ad-Hoc|Any CPU = Ad-Hoc|Any CPU
		Ad-Hoc|ARM = Ad-Hoc|ARM
		Ad-Hoc|iPhone = Ad-Hoc|iPhone
		Ad-Hoc|iPhoneSimulator = Ad-Hoc|iPhoneSimulator
		Ad-Hoc|x64 = Ad-Hoc|x64
		Ad-Hoc|x86 = Ad-Hoc|x86
		AppStore|Any CPU = AppStore|Any CPU
		AppStore|ARM = AppStore|ARM
		AppStore|iPhone = AppStore|iPhone
		AppStore|iPhoneSimulator = AppStore|iPhoneSimulator
		AppStore|x64 = AppStore|x64
		AppStore|x86 = AppStore|x86
		Debug|Any CPU = Debug|Any CPU
		Debug|ARM = Debug|ARM
		Debug|iPhone = Debug|iPhone
		Debug|iPhoneSimulator = Debug|iPhoneSimulator
		Debug|x64 = Debug|x64
		Debug|x86 = Debug|x86
		Release|Any CPU = Release|Any CPU
		Release|ARM = Release|ARM
		Release|iPhone = Release|iPhone
		Release|iPhoneSimulator = Release|iPhoneSimulator
		Release|x64 = Release|x64
		Release|x86 = Release|x86
	EndGlobalSection
	GlobalSection(ProjectConfigurationPlatforms) = postSolution
		{0084BB32-A45E-4374-8D82-A0CC98A61720}.Ad-Hoc|Any CPU.ActiveCfg = Release|Any CPU
		{0084BB32-A45E-4374-8D82-A0CC98A61720}.Ad-Hoc|Any CPU.Build.0 = Release|Any CPU
		{0084BB32-A45E-4374-8D82-A0CC98A61720}.Ad-Hoc|Any CPU.Deploy.0 = Release|Any CPU
		{0084BB32-A45E-4374-8D82-A0CC98A61720}.Ad-Hoc|ARM.ActiveCfg = Release|Any CPU
		{0084BB32-A45E-4374-8D82-A0CC98A61720}.Ad-Hoc|ARM.Build.0 = Release|Any CPU
		{0084BB32-A45E-4374-8D82-A0CC98A61720}.Ad-Hoc|ARM.Deploy.0 = Release|Any CPU
		{0084BB32-A45E-4374-8D82-A0CC98A61720}.Ad-Hoc|iPhone.ActiveCfg = Release|Any CPU
		{0084BB32-A45E-4374-8D82-A0CC98A61720}.Ad-Hoc|iPhone.Build.0 = Release|Any CPU
		{0084BB32-A45E-4374-8D82-A0CC98A61720}.Ad-Hoc|iPhone.Deploy.0 = Release|Any CPU
		{0084BB32-A45E-4374-8D82-A0CC98A61720}.Ad-Hoc|iPhoneSimulator.ActiveCfg = Release|Any CPU
		{0084BB32-A45E-4374-8D82-A0CC98A61720}.Ad-Hoc|iPhoneSimulator.Build.0 = Release|Any CPU
		{0084BB32-A45E-4374-8D82-A0CC98A61720}.Ad-Hoc|iPhoneSimulator.Deploy.0 = Release|Any CPU
		{0084BB32-A45E-4374-8D82-A0CC98A61720}.Ad-Hoc|x64.ActiveCfg = Release|Any CPU
		{0084BB32-A45E-4374-8D82-A0CC98A61720}.Ad-Hoc|x64.Build.0 = Release|Any CPU
		{0084BB32-A45E-4374-8D82-A0CC98A61720}.Ad-Hoc|x64.Deploy.0 = Release|Any CPU
		{0084BB32-A45E-4374-8D82-A0CC98A61720}.Ad-Hoc|x86.ActiveCfg = Release|Any CPU
		{0084BB32-A45E-4374-8D82-A0CC98A61720}.Ad-Hoc|x86.Build.0 = Release|Any CPU
		{0084BB32-A45E-4374-8D82-A0CC98A61720}.Ad-Hoc|x86.Deploy.0 = Release|Any CPU
		{0084BB32-A45E-4374-8D82-A0CC98A61720}.AppStore|Any CPU.ActiveCfg = Release|Any CPU
		{0084BB32-A45E-4374-8D82-A0CC98A61720}.AppStore|Any CPU.Build.0 = Release|Any CPU
		{0084BB32-A45E-4374-8D82-A0CC98A61720}.AppStore|Any CPU.Deploy.0 = Release|Any CPU
		{0084BB32-A45E-4374-8D82-A0CC98A61720}.AppStore|ARM.ActiveCfg = Release|Any CPU
		{0084BB32-A45E-4374-8D82-A0CC98A61720}.AppStore|ARM.Build.0 = Release|Any CPU
		{0084BB32-A45E-4374-8D82-A0CC98A61720}.AppStore|ARM.Deploy.0 = Release|Any CPU
		{0084BB32-A45E-4374-8D82-A0CC98A61720}.AppStore|iPhone.ActiveCfg = Release|Any CPU
		{0084BB32-A45E-4374-8D82-A0CC98A61720}.AppStore|iPhone.Build.0 = Release|Any CPU
		{0084BB32-A45E-4374-8D82-A0CC98A61720}.AppStore|iPhone.Deploy.0 = Release|Any CPU
		{0084BB32-A45E-4374-8D82-A0CC98A61720}.AppStore|iPhoneSimulator.ActiveCfg = Release|Any CPU
		{0084BB32-A45E-4374-8D82-A0CC98A61720}.AppStore|iPhoneSimulator.Build.0 = Release|Any CPU
		{0084BB32-A45E-4374-8D82-A0CC98A61720}.AppStore|iPhoneSimulator.Deploy.0 = Release|Any CPU
		{0084BB32-A45E-4374-8D82-A0CC98A61720}.AppStore|x64.ActiveCfg = Release|Any CPU
		{0084BB32-A45E-4374-8D82-A0CC98A61720}.AppStore|x64.Build.0 = Release|Any CPU
		{0084BB32-A45E-4374-8D82-A0CC98A61720}.AppStore|x64.Deploy.0 = Release|Any CPU
		{0084BB32-A45E-4374-8D82-A0CC98A61720}.AppStore|x86.ActiveCfg = Release|Any CPU
		{0084BB32-A45E-4374-8D82-A0CC98A61720}.AppStore|x86.Build.0 = Release|Any CPU
		{0084BB32-A45E-4374-8D82-A0CC98A61720}.AppStore|x86.Deploy.0 = Release|Any CPU
		{0084BB32-A45E-4374-8D82-A0CC98A61720}.Debug|Any CPU.ActiveCfg = Debug|Any CPU
		{0084BB32-A45E-4374-8D82-A0CC98A61720}.Debug|Any CPU.Build.0 = Debug|Any CPU
		{0084BB32-A45E-4374-8D82-A0CC98A61720}.Debug|Any CPU.Deploy.0 = Debug|Any CPU
		{0084BB32-A45E-4374-8D82-A0CC98A61720}.Debug|ARM.ActiveCfg = Debug|Any CPU
		{0084BB32-A45E-4374-8D82-A0CC98A61720}.Debug|ARM.Build.0 = Debug|Any CPU
		{0084BB32-A45E-4374-8D82-A0CC98A61720}.Debug|ARM.Deploy.0 = Debug|Any CPU
		{0084BB32-A45E-4374-8D82-A0CC98A61720}.Debug|iPhone.ActiveCfg = Debug|Any CPU
		{0084BB32-A45E-4374-8D82-A0CC98A61720}.Debug|iPhone.Build.0 = Debug|Any CPU
		{0084BB32-A45E-4374-8D82-A0CC98A61720}.Debug|iPhone.Deploy.0 = Debug|Any CPU
		{0084BB32-A45E-4374-8D82-A0CC98A61720}.Debug|iPhoneSimulator.ActiveCfg = Debug|Any CPU
		{0084BB32-A45E-4374-8D82-A0CC98A61720}.Debug|iPhoneSimulator.Build.0 = Debug|Any CPU
		{0084BB32-A45E-4374-8D82-A0CC98A61720}.Debug|iPhoneSimulator.Deploy.0 = Debug|Any CPU
		{0084BB32-A45E-4374-8D82-A0CC98A61720}.Debug|x64.ActiveCfg = Debug|Any CPU
		{0084BB32-A45E-4374-8D82-A0CC98A61720}.Debug|x64.Build.0 = Debug|Any CPU
		{0084BB32-A45E-4374-8D82-A0CC98A61720}.Debug|x64.Deploy.0 = Debug|Any CPU
		{0084BB32-A45E-4374-8D82-A0CC98A61720}.Debug|x86.ActiveCfg = Debug|Any CPU
		{0084BB32-A45E-4374-8D82-A0CC98A61720}.Debug|x86.Build.0 = Debug|Any CPU
		{0084BB32-A45E-4374-8D82-A0CC98A61720}.Debug|x86.Deploy.0 = Debug|Any CPU
		{0084BB32-A45E-4374-8D82-A0CC98A61720}.Release|Any CPU.ActiveCfg = Release|Any CPU
		{0084BB32-A45E-4374-8D82-A0CC98A61720}.Release|Any CPU.Build.0 = Release|Any CPU
		{0084BB32-A45E-4374-8D82-A0CC98A61720}.Release|Any CPU.Deploy.0 = Release|Any CPU
		{0084BB32-A45E-4374-8D82-A0CC98A61720}.Release|ARM.ActiveCfg = Release|Any CPU
		{0084BB32-A45E-4374-8D82-A0CC98A61720}.Release|ARM.Build.0 = Release|Any CPU
		{0084BB32-A45E-4374-8D82-A0CC98A61720}.Release|ARM.Deploy.0 = Release|Any CPU
		{0084BB32-A45E-4374-8D82-A0CC98A61720}.Release|iPhone.ActiveCfg = Release|Any CPU
		{0084BB32-A45E-4374-8D82-A0CC98A61720}.Release|iPhone.Build.0 = Release|Any CPU
		{0084BB32-A45E-4374-8D82-A0CC98A61720}.Release|iPhone.Deploy.0 = Release|Any CPU
		{0084BB32-A45E-4374-8D82-A0CC98A61720}.Release|iPhoneSimulator.ActiveCfg = Release|Any CPU
		{0084BB32-A45E-4374-8D82-A0CC98A61720}.Release|iPhoneSimulator.Build.0 = Release|Any CPU
		{0084BB32-A45E-4374-8D82-A0CC98A61720}.Release|iPhoneSimulator.Deploy.0 = Release|Any CPU
		{0084BB32-A45E-4374-8D82-A0CC98A61720}.Release|x64.ActiveCfg = Release|Any CPU
		{0084BB32-A45E-4374-8D82-A0CC98A61720}.Release|x64.Build.0 = Release|Any CPU
		{0084BB32-A45E-4374-8D82-A0CC98A61720}.Release|x64.Deploy.0 = Release|Any CPU
		{0084BB32-A45E-4374-8D82-A0CC98A61720}.Release|x86.ActiveCfg = Release|Any CPU
		{0084BB32-A45E-4374-8D82-A0CC98A61720}.Release|x86.Build.0 = Release|Any CPU
		{0084BB32-A45E-4374-8D82-A0CC98A61720}.Release|x86.Deploy.0 = Release|Any CPU
		{552EF256-523B-4C09-9B77-967EE0231EDA}.Ad-Hoc|Any CPU.ActiveCfg = Ad-Hoc|iPhone
		{552EF256-523B-4C09-9B77-967EE0231EDA}.Ad-Hoc|Any CPU.Build.0 = Ad-Hoc|iPhone
		{552EF256-523B-4C09-9B77-967EE0231EDA}.Ad-Hoc|Any CPU.Deploy.0 = Ad-Hoc|iPhone
		{552EF256-523B-4C09-9B77-967EE0231EDA}.Ad-Hoc|ARM.ActiveCfg = Ad-Hoc|iPhone
		{552EF256-523B-4C09-9B77-967EE0231EDA}.Ad-Hoc|ARM.Build.0 = Ad-Hoc|iPhone
		{552EF256-523B-4C09-9B77-967EE0231EDA}.Ad-Hoc|ARM.Deploy.0 = Ad-Hoc|iPhone
		{552EF256-523B-4C09-9B77-967EE0231EDA}.Ad-Hoc|iPhone.ActiveCfg = Ad-Hoc|iPhone
		{552EF256-523B-4C09-9B77-967EE0231EDA}.Ad-Hoc|iPhone.Build.0 = Ad-Hoc|iPhone
		{552EF256-523B-4C09-9B77-967EE0231EDA}.Ad-Hoc|iPhone.Deploy.0 = Ad-Hoc|iPhone
		{552EF256-523B-4C09-9B77-967EE0231EDA}.Ad-Hoc|iPhoneSimulator.ActiveCfg = Ad-Hoc|iPhoneSimulator
		{552EF256-523B-4C09-9B77-967EE0231EDA}.Ad-Hoc|iPhoneSimulator.Build.0 = Ad-Hoc|iPhoneSimulator
		{552EF256-523B-4C09-9B77-967EE0231EDA}.Ad-Hoc|iPhoneSimulator.Deploy.0 = Ad-Hoc|iPhoneSimulator
		{552EF256-523B-4C09-9B77-967EE0231EDA}.Ad-Hoc|x64.ActiveCfg = Ad-Hoc|iPhone
		{552EF256-523B-4C09-9B77-967EE0231EDA}.Ad-Hoc|x64.Build.0 = Ad-Hoc|iPhone
		{552EF256-523B-4C09-9B77-967EE0231EDA}.Ad-Hoc|x64.Deploy.0 = Ad-Hoc|iPhone
		{552EF256-523B-4C09-9B77-967EE0231EDA}.Ad-Hoc|x86.ActiveCfg = Ad-Hoc|iPhone
		{552EF256-523B-4C09-9B77-967EE0231EDA}.Ad-Hoc|x86.Build.0 = Ad-Hoc|iPhone
		{552EF256-523B-4C09-9B77-967EE0231EDA}.Ad-Hoc|x86.Deploy.0 = Ad-Hoc|iPhone
		{552EF256-523B-4C09-9B77-967EE0231EDA}.AppStore|Any CPU.ActiveCfg = AppStore|iPhone
		{552EF256-523B-4C09-9B77-967EE0231EDA}.AppStore|Any CPU.Build.0 = AppStore|iPhone
		{552EF256-523B-4C09-9B77-967EE0231EDA}.AppStore|Any CPU.Deploy.0 = AppStore|iPhone
		{552EF256-523B-4C09-9B77-967EE0231EDA}.AppStore|ARM.ActiveCfg = AppStore|iPhone
		{552EF256-523B-4C09-9B77-967EE0231EDA}.AppStore|ARM.Build.0 = AppStore|iPhone
		{552EF256-523B-4C09-9B77-967EE0231EDA}.AppStore|ARM.Deploy.0 = AppStore|iPhone
		{552EF256-523B-4C09-9B77-967EE0231EDA}.AppStore|iPhone.ActiveCfg = AppStore|iPhone
		{552EF256-523B-4C09-9B77-967EE0231EDA}.AppStore|iPhone.Build.0 = AppStore|iPhone
		{552EF256-523B-4C09-9B77-967EE0231EDA}.AppStore|iPhone.Deploy.0 = AppStore|iPhone
		{552EF256-523B-4C09-9B77-967EE0231EDA}.AppStore|iPhoneSimulator.ActiveCfg = AppStore|iPhoneSimulator
		{552EF256-523B-4C09-9B77-967EE0231EDA}.AppStore|iPhoneSimulator.Build.0 = AppStore|iPhoneSimulator
		{552EF256-523B-4C09-9B77-967EE0231EDA}.AppStore|iPhoneSimulator.Deploy.0 = AppStore|iPhoneSimulator
		{552EF256-523B-4C09-9B77-967EE0231EDA}.AppStore|x64.ActiveCfg = AppStore|iPhone
		{552EF256-523B-4C09-9B77-967EE0231EDA}.AppStore|x64.Build.0 = AppStore|iPhone
		{552EF256-523B-4C09-9B77-967EE0231EDA}.AppStore|x64.Deploy.0 = AppStore|iPhone
		{552EF256-523B-4C09-9B77-967EE0231EDA}.AppStore|x86.ActiveCfg = AppStore|iPhone
		{552EF256-523B-4C09-9B77-967EE0231EDA}.AppStore|x86.Build.0 = AppStore|iPhone
		{552EF256-523B-4C09-9B77-967EE0231EDA}.AppStore|x86.Deploy.0 = AppStore|iPhone
		{552EF256-523B-4C09-9B77-967EE0231EDA}.Debug|Any CPU.ActiveCfg = Debug|iPhoneSimulator
		{552EF256-523B-4C09-9B77-967EE0231EDA}.Debug|Any CPU.Build.0 = Debug|iPhoneSimulator
		{552EF256-523B-4C09-9B77-967EE0231EDA}.Debug|Any CPU.Deploy.0 = Debug|iPhoneSimulator
		{552EF256-523B-4C09-9B77-967EE0231EDA}.Debug|ARM.ActiveCfg = Debug|iPhone
		{552EF256-523B-4C09-9B77-967EE0231EDA}.Debug|ARM.Build.0 = Debug|iPhone
		{552EF256-523B-4C09-9B77-967EE0231EDA}.Debug|ARM.Deploy.0 = Debug|iPhone
		{552EF256-523B-4C09-9B77-967EE0231EDA}.Debug|iPhone.ActiveCfg = Debug|iPhone
		{552EF256-523B-4C09-9B77-967EE0231EDA}.Debug|iPhone.Build.0 = Debug|iPhone
		{552EF256-523B-4C09-9B77-967EE0231EDA}.Debug|iPhone.Deploy.0 = Debug|iPhone
		{552EF256-523B-4C09-9B77-967EE0231EDA}.Debug|iPhoneSimulator.ActiveCfg = Debug|iPhoneSimulator
		{552EF256-523B-4C09-9B77-967EE0231EDA}.Debug|iPhoneSimulator.Build.0 = Debug|iPhoneSimulator
		{552EF256-523B-4C09-9B77-967EE0231EDA}.Debug|iPhoneSimulator.Deploy.0 = Debug|iPhoneSimulator
		{552EF256-523B-4C09-9B77-967EE0231EDA}.Debug|x64.ActiveCfg = Debug|iPhone
		{552EF256-523B-4C09-9B77-967EE0231EDA}.Debug|x64.Build.0 = Debug|iPhone
		{552EF256-523B-4C09-9B77-967EE0231EDA}.Debug|x64.Deploy.0 = Debug|iPhone
		{552EF256-523B-4C09-9B77-967EE0231EDA}.Debug|x86.ActiveCfg = Debug|iPhone
		{552EF256-523B-4C09-9B77-967EE0231EDA}.Debug|x86.Build.0 = Debug|iPhone
		{552EF256-523B-4C09-9B77-967EE0231EDA}.Debug|x86.Deploy.0 = Debug|iPhone
		{552EF256-523B-4C09-9B77-967EE0231EDA}.Release|Any CPU.ActiveCfg = Release|iPhone
		{552EF256-523B-4C09-9B77-967EE0231EDA}.Release|Any CPU.Build.0 = Release|iPhone
		{552EF256-523B-4C09-9B77-967EE0231EDA}.Release|Any CPU.Deploy.0 = Release|iPhone
		{552EF256-523B-4C09-9B77-967EE0231EDA}.Release|ARM.ActiveCfg = Release|iPhone
		{552EF256-523B-4C09-9B77-967EE0231EDA}.Release|ARM.Build.0 = Release|iPhone
		{552EF256-523B-4C09-9B77-967EE0231EDA}.Release|ARM.Deploy.0 = Release|iPhone
		{552EF256-523B-4C09-9B77-967EE0231EDA}.Release|iPhone.ActiveCfg = Release|iPhone
		{552EF256-523B-4C09-9B77-967EE0231EDA}.Release|iPhone.Build.0 = Release|iPhone
		{552EF256-523B-4C09-9B77-967EE0231EDA}.Release|iPhone.Deploy.0 = Release|iPhone
		{552EF256-523B-4C09-9B77-967EE0231EDA}.Release|iPhoneSimulator.ActiveCfg = Release|iPhoneSimulator
		{552EF256-523B-4C09-9B77-967EE0231EDA}.Release|iPhoneSimulator.Build.0 = Release|iPhoneSimulator
		{552EF256-523B-4C09-9B77-967EE0231EDA}.Release|iPhoneSimulator.Deploy.0 = Release|iPhoneSimulator
		{552EF256-523B-4C09-9B77-967EE0231EDA}.Release|x64.ActiveCfg = Release|iPhone
		{552EF256-523B-4C09-9B77-967EE0231EDA}.Release|x64.Build.0 = Release|iPhone
		{552EF256-523B-4C09-9B77-967EE0231EDA}.Release|x64.Deploy.0 = Release|iPhone
		{552EF256-523B-4C09-9B77-967EE0231EDA}.Release|x86.ActiveCfg = Release|iPhone
		{552EF256-523B-4C09-9B77-967EE0231EDA}.Release|x86.Build.0 = Release|iPhone
		{552EF256-523B-4C09-9B77-967EE0231EDA}.Release|x86.Deploy.0 = Release|iPhone
		{9B2AD39F-5E93-46BA-A6B6-2F87C1A62753}.Ad-Hoc|Any CPU.ActiveCfg = Release|x86
		{9B2AD39F-5E93-46BA-A6B6-2F87C1A62753}.Ad-Hoc|Any CPU.Build.0 = Release|x86
		{9B2AD39F-5E93-46BA-A6B6-2F87C1A62753}.Ad-Hoc|Any CPU.Deploy.0 = Release|x86
		{9B2AD39F-5E93-46BA-A6B6-2F87C1A62753}.Ad-Hoc|ARM.ActiveCfg = Release|ARM
		{9B2AD39F-5E93-46BA-A6B6-2F87C1A62753}.Ad-Hoc|ARM.Build.0 = Release|ARM
		{9B2AD39F-5E93-46BA-A6B6-2F87C1A62753}.Ad-Hoc|ARM.Deploy.0 = Release|ARM
		{9B2AD39F-5E93-46BA-A6B6-2F87C1A62753}.Ad-Hoc|iPhone.ActiveCfg = Release|x86
		{9B2AD39F-5E93-46BA-A6B6-2F87C1A62753}.Ad-Hoc|iPhone.Build.0 = Release|x86
		{9B2AD39F-5E93-46BA-A6B6-2F87C1A62753}.Ad-Hoc|iPhone.Deploy.0 = Release|x86
		{9B2AD39F-5E93-46BA-A6B6-2F87C1A62753}.Ad-Hoc|iPhoneSimulator.ActiveCfg = Release|x86
		{9B2AD39F-5E93-46BA-A6B6-2F87C1A62753}.Ad-Hoc|iPhoneSimulator.Build.0 = Release|x86
		{9B2AD39F-5E93-46BA-A6B6-2F87C1A62753}.Ad-Hoc|iPhoneSimulator.Deploy.0 = Release|x86
		{9B2AD39F-5E93-46BA-A6B6-2F87C1A62753}.Ad-Hoc|x64.ActiveCfg = Release|x64
		{9B2AD39F-5E93-46BA-A6B6-2F87C1A62753}.Ad-Hoc|x64.Build.0 = Release|x64
		{9B2AD39F-5E93-46BA-A6B6-2F87C1A62753}.Ad-Hoc|x64.Deploy.0 = Release|x64
		{9B2AD39F-5E93-46BA-A6B6-2F87C1A62753}.Ad-Hoc|x86.ActiveCfg = Release|x86
		{9B2AD39F-5E93-46BA-A6B6-2F87C1A62753}.Ad-Hoc|x86.Build.0 = Release|x86
		{9B2AD39F-5E93-46BA-A6B6-2F87C1A62753}.Ad-Hoc|x86.Deploy.0 = Release|x86
		{9B2AD39F-5E93-46BA-A6B6-2F87C1A62753}.AppStore|Any CPU.ActiveCfg = Release|x86
		{9B2AD39F-5E93-46BA-A6B6-2F87C1A62753}.AppStore|Any CPU.Build.0 = Release|x86
		{9B2AD39F-5E93-46BA-A6B6-2F87C1A62753}.AppStore|Any CPU.Deploy.0 = Release|x86
		{9B2AD39F-5E93-46BA-A6B6-2F87C1A62753}.AppStore|ARM.ActiveCfg = Release|ARM
		{9B2AD39F-5E93-46BA-A6B6-2F87C1A62753}.AppStore|ARM.Build.0 = Release|ARM
		{9B2AD39F-5E93-46BA-A6B6-2F87C1A62753}.AppStore|ARM.Deploy.0 = Release|ARM
		{9B2AD39F-5E93-46BA-A6B6-2F87C1A62753}.AppStore|iPhone.ActiveCfg = Release|x86
		{9B2AD39F-5E93-46BA-A6B6-2F87C1A62753}.AppStore|iPhone.Build.0 = Release|x86
		{9B2AD39F-5E93-46BA-A6B6-2F87C1A62753}.AppStore|iPhone.Deploy.0 = Release|x86
		{9B2AD39F-5E93-46BA-A6B6-2F87C1A62753}.AppStore|iPhoneSimulator.ActiveCfg = Release|x86
		{9B2AD39F-5E93-46BA-A6B6-2F87C1A62753}.AppStore|iPhoneSimulator.Build.0 = Release|x86
		{9B2AD39F-5E93-46BA-A6B6-2F87C1A62753}.AppStore|iPhoneSimulator.Deploy.0 = Release|x86
		{9B2AD39F-5E93-46BA-A6B6-2F87C1A62753}.AppStore|x64.ActiveCfg = Release|x64
		{9B2AD39F-5E93-46BA-A6B6-2F87C1A62753}.AppStore|x64.Build.0 = Release|x64
		{9B2AD39F-5E93-46BA-A6B6-2F87C1A62753}.AppStore|x64.Deploy.0 = Release|x64
		{9B2AD39F-5E93-46BA-A6B6-2F87C1A62753}.AppStore|x86.ActiveCfg = Release|x86
		{9B2AD39F-5E93-46BA-A6B6-2F87C1A62753}.AppStore|x86.Build.0 = Release|x86
		{9B2AD39F-5E93-46BA-A6B6-2F87C1A62753}.AppStore|x86.Deploy.0 = Release|x86
		{9B2AD39F-5E93-46BA-A6B6-2F87C1A62753}.Debug|Any CPU.ActiveCfg = Debug|x86
		{9B2AD39F-5E93-46BA-A6B6-2F87C1A62753}.Debug|Any CPU.Build.0 = Debug|x86
		{9B2AD39F-5E93-46BA-A6B6-2F87C1A62753}.Debug|Any CPU.Deploy.0 = Debug|x86
		{9B2AD39F-5E93-46BA-A6B6-2F87C1A62753}.Debug|ARM.ActiveCfg = Debug|ARM
		{9B2AD39F-5E93-46BA-A6B6-2F87C1A62753}.Debug|ARM.Build.0 = Debug|ARM
		{9B2AD39F-5E93-46BA-A6B6-2F87C1A62753}.Debug|ARM.Deploy.0 = Debug|ARM
		{9B2AD39F-5E93-46BA-A6B6-2F87C1A62753}.Debug|iPhone.ActiveCfg = Debug|x86
		{9B2AD39F-5E93-46BA-A6B6-2F87C1A62753}.Debug|iPhone.Build.0 = Debug|x86
		{9B2AD39F-5E93-46BA-A6B6-2F87C1A62753}.Debug|iPhone.Deploy.0 = Debug|x86
		{9B2AD39F-5E93-46BA-A6B6-2F87C1A62753}.Debug|iPhoneSimulator.ActiveCfg = Debug|x86
		{9B2AD39F-5E93-46BA-A6B6-2F87C1A62753}.Debug|iPhoneSimulator.Build.0 = Debug|x86
		{9B2AD39F-5E93-46BA-A6B6-2F87C1A62753}.Debug|iPhoneSimulator.Deploy.0 = Debug|x86
		{9B2AD39F-5E93-46BA-A6B6-2F87C1A62753}.Debug|x64.ActiveCfg = Debug|x64
		{9B2AD39F-5E93-46BA-A6B6-2F87C1A62753}.Debug|x64.Build.0 = Debug|x64
		{9B2AD39F-5E93-46BA-A6B6-2F87C1A62753}.Debug|x64.Deploy.0 = Debug|x64
		{9B2AD39F-5E93-46BA-A6B6-2F87C1A62753}.Debug|x86.ActiveCfg = Debug|x86
		{9B2AD39F-5E93-46BA-A6B6-2F87C1A62753}.Debug|x86.Build.0 = Debug|x86
		{9B2AD39F-5E93-46BA-A6B6-2F87C1A62753}.Debug|x86.Deploy.0 = Debug|x86
		{9B2AD39F-5E93-46BA-A6B6-2F87C1A62753}.Release|Any CPU.ActiveCfg = Release|x86
		{9B2AD39F-5E93-46BA-A6B6-2F87C1A62753}.Release|Any CPU.Build.0 = Release|x86
		{9B2AD39F-5E93-46BA-A6B6-2F87C1A62753}.Release|Any CPU.Deploy.0 = Release|x86
		{9B2AD39F-5E93-46BA-A6B6-2F87C1A62753}.Release|ARM.ActiveCfg = Release|ARM
		{9B2AD39F-5E93-46BA-A6B6-2F87C1A62753}.Release|ARM.Build.0 = Release|ARM
		{9B2AD39F-5E93-46BA-A6B6-2F87C1A62753}.Release|ARM.Deploy.0 = Release|ARM
		{9B2AD39F-5E93-46BA-A6B6-2F87C1A62753}.Release|iPhone.ActiveCfg = Release|x86
		{9B2AD39F-5E93-46BA-A6B6-2F87C1A62753}.Release|iPhone.Build.0 = Release|x86
		{9B2AD39F-5E93-46BA-A6B6-2F87C1A62753}.Release|iPhone.Deploy.0 = Release|x86
		{9B2AD39F-5E93-46BA-A6B6-2F87C1A62753}.Release|iPhoneSimulator.ActiveCfg = Release|x86
		{9B2AD39F-5E93-46BA-A6B6-2F87C1A62753}.Release|iPhoneSimulator.Build.0 = Release|x86
		{9B2AD39F-5E93-46BA-A6B6-2F87C1A62753}.Release|iPhoneSimulator.Deploy.0 = Release|x86
		{9B2AD39F-5E93-46BA-A6B6-2F87C1A62753}.Release|x64.ActiveCfg = Release|x64
		{9B2AD39F-5E93-46BA-A6B6-2F87C1A62753}.Release|x64.Build.0 = Release|x64
		{9B2AD39F-5E93-46BA-A6B6-2F87C1A62753}.Release|x64.Deploy.0 = Release|x64
		{9B2AD39F-5E93-46BA-A6B6-2F87C1A62753}.Release|x86.ActiveCfg = Release|x86
		{9B2AD39F-5E93-46BA-A6B6-2F87C1A62753}.Release|x86.Build.0 = Release|x86
		{9B2AD39F-5E93-46BA-A6B6-2F87C1A62753}.Release|x86.Deploy.0 = Release|x86
		{A2274541-B16A-41C1-BF53-8CF7C4C2C965}.Ad-Hoc|Any CPU.ActiveCfg = Debug|Any CPU
		{A2274541-B16A-41C1-BF53-8CF7C4C2C965}.Ad-Hoc|Any CPU.Build.0 = Debug|Any CPU
		{A2274541-B16A-41C1-BF53-8CF7C4C2C965}.Ad-Hoc|Any CPU.Deploy.0 = Debug|Any CPU
		{A2274541-B16A-41C1-BF53-8CF7C4C2C965}.Ad-Hoc|ARM.ActiveCfg = Debug|Any CPU
		{A2274541-B16A-41C1-BF53-8CF7C4C2C965}.Ad-Hoc|ARM.Build.0 = Debug|Any CPU
		{A2274541-B16A-41C1-BF53-8CF7C4C2C965}.Ad-Hoc|ARM.Deploy.0 = Debug|Any CPU
		{A2274541-B16A-41C1-BF53-8CF7C4C2C965}.Ad-Hoc|iPhone.ActiveCfg = Debug|Any CPU
		{A2274541-B16A-41C1-BF53-8CF7C4C2C965}.Ad-Hoc|iPhone.Build.0 = Debug|Any CPU
		{A2274541-B16A-41C1-BF53-8CF7C4C2C965}.Ad-Hoc|iPhone.Deploy.0 = Debug|Any CPU
		{A2274541-B16A-41C1-BF53-8CF7C4C2C965}.Ad-Hoc|iPhoneSimulator.ActiveCfg = Debug|Any CPU
		{A2274541-B16A-41C1-BF53-8CF7C4C2C965}.Ad-Hoc|iPhoneSimulator.Build.0 = Debug|Any CPU
		{A2274541-B16A-41C1-BF53-8CF7C4C2C965}.Ad-Hoc|iPhoneSimulator.Deploy.0 = Debug|Any CPU
		{A2274541-B16A-41C1-BF53-8CF7C4C2C965}.Ad-Hoc|x64.ActiveCfg = Debug|Any CPU
		{A2274541-B16A-41C1-BF53-8CF7C4C2C965}.Ad-Hoc|x64.Build.0 = Debug|Any CPU
		{A2274541-B16A-41C1-BF53-8CF7C4C2C965}.Ad-Hoc|x64.Deploy.0 = Debug|Any CPU
		{A2274541-B16A-41C1-BF53-8CF7C4C2C965}.Ad-Hoc|x86.ActiveCfg = Debug|Any CPU
		{A2274541-B16A-41C1-BF53-8CF7C4C2C965}.Ad-Hoc|x86.Build.0 = Debug|Any CPU
		{A2274541-B16A-41C1-BF53-8CF7C4C2C965}.Ad-Hoc|x86.Deploy.0 = Debug|Any CPU
		{A2274541-B16A-41C1-BF53-8CF7C4C2C965}.AppStore|Any CPU.ActiveCfg = Debug|Any CPU
		{A2274541-B16A-41C1-BF53-8CF7C4C2C965}.AppStore|Any CPU.Build.0 = Debug|Any CPU
		{A2274541-B16A-41C1-BF53-8CF7C4C2C965}.AppStore|Any CPU.Deploy.0 = Debug|Any CPU
		{A2274541-B16A-41C1-BF53-8CF7C4C2C965}.AppStore|ARM.ActiveCfg = Debug|Any CPU
		{A2274541-B16A-41C1-BF53-8CF7C4C2C965}.AppStore|ARM.Build.0 = Debug|Any CPU
		{A2274541-B16A-41C1-BF53-8CF7C4C2C965}.AppStore|ARM.Deploy.0 = Debug|Any CPU
		{A2274541-B16A-41C1-BF53-8CF7C4C2C965}.AppStore|iPhone.ActiveCfg = Debug|Any CPU
		{A2274541-B16A-41C1-BF53-8CF7C4C2C965}.AppStore|iPhone.Build.0 = Debug|Any CPU
		{A2274541-B16A-41C1-BF53-8CF7C4C2C965}.AppStore|iPhone.Deploy.0 = Debug|Any CPU
		{A2274541-B16A-41C1-BF53-8CF7C4C2C965}.AppStore|iPhoneSimulator.ActiveCfg = Debug|Any CPU
		{A2274541-B16A-41C1-BF53-8CF7C4C2C965}.AppStore|iPhoneSimulator.Build.0 = Debug|Any CPU
		{A2274541-B16A-41C1-BF53-8CF7C4C2C965}.AppStore|iPhoneSimulator.Deploy.0 = Debug|Any CPU
		{A2274541-B16A-41C1-BF53-8CF7C4C2C965}.AppStore|x64.ActiveCfg = Debug|Any CPU
		{A2274541-B16A-41C1-BF53-8CF7C4C2C965}.AppStore|x64.Build.0 = Debug|Any CPU
		{A2274541-B16A-41C1-BF53-8CF7C4C2C965}.AppStore|x64.Deploy.0 = Debug|Any CPU
		{A2274541-B16A-41C1-BF53-8CF7C4C2C965}.AppStore|x86.ActiveCfg = Debug|Any CPU
		{A2274541-B16A-41C1-BF53-8CF7C4C2C965}.AppStore|x86.Build.0 = Debug|Any CPU
		{A2274541-B16A-41C1-BF53-8CF7C4C2C965}.AppStore|x86.Deploy.0 = Debug|Any CPU
		{A2274541-B16A-41C1-BF53-8CF7C4C2C965}.Debug|Any CPU.ActiveCfg = Debug|Any CPU
		{A2274541-B16A-41C1-BF53-8CF7C4C2C965}.Debug|Any CPU.Build.0 = Debug|Any CPU
		{A2274541-B16A-41C1-BF53-8CF7C4C2C965}.Debug|Any CPU.Deploy.0 = Debug|Any CPU
		{A2274541-B16A-41C1-BF53-8CF7C4C2C965}.Debug|ARM.ActiveCfg = Debug|Any CPU
		{A2274541-B16A-41C1-BF53-8CF7C4C2C965}.Debug|ARM.Build.0 = Debug|Any CPU
		{A2274541-B16A-41C1-BF53-8CF7C4C2C965}.Debug|ARM.Deploy.0 = Debug|Any CPU
		{A2274541-B16A-41C1-BF53-8CF7C4C2C965}.Debug|iPhone.ActiveCfg = Debug|Any CPU
		{A2274541-B16A-41C1-BF53-8CF7C4C2C965}.Debug|iPhone.Build.0 = Debug|Any CPU
		{A2274541-B16A-41C1-BF53-8CF7C4C2C965}.Debug|iPhone.Deploy.0 = Debug|Any CPU
		{A2274541-B16A-41C1-BF53-8CF7C4C2C965}.Debug|iPhoneSimulator.ActiveCfg = Debug|Any CPU
		{A2274541-B16A-41C1-BF53-8CF7C4C2C965}.Debug|iPhoneSimulator.Build.0 = Debug|Any CPU
		{A2274541-B16A-41C1-BF53-8CF7C4C2C965}.Debug|iPhoneSimulator.Deploy.0 = Debug|Any CPU
		{A2274541-B16A-41C1-BF53-8CF7C4C2C965}.Debug|x64.ActiveCfg = Debug|Any CPU
		{A2274541-B16A-41C1-BF53-8CF7C4C2C965}.Debug|x64.Build.0 = Debug|Any CPU
		{A2274541-B16A-41C1-BF53-8CF7C4C2C965}.Debug|x64.Deploy.0 = Debug|Any CPU
		{A2274541-B16A-41C1-BF53-8CF7C4C2C965}.Debug|x86.ActiveCfg = Debug|Any CPU
		{A2274541-B16A-41C1-BF53-8CF7C4C2C965}.Debug|x86.Build.0 = Debug|Any CPU
		{A2274541-B16A-41C1-BF53-8CF7C4C2C965}.Debug|x86.Deploy.0 = Debug|Any CPU
		{A2274541-B16A-41C1-BF53-8CF7C4C2C965}.Release|Any CPU.ActiveCfg = Release|Any CPU
		{A2274541-B16A-41C1-BF53-8CF7C4C2C965}.Release|Any CPU.Build.0 = Release|Any CPU
		{A2274541-B16A-41C1-BF53-8CF7C4C2C965}.Release|Any CPU.Deploy.0 = Release|Any CPU
		{A2274541-B16A-41C1-BF53-8CF7C4C2C965}.Release|ARM.ActiveCfg = Release|Any CPU
		{A2274541-B16A-41C1-BF53-8CF7C4C2C965}.Release|ARM.Build.0 = Release|Any CPU
		{A2274541-B16A-41C1-BF53-8CF7C4C2C965}.Release|ARM.Deploy.0 = Release|Any CPU
		{A2274541-B16A-41C1-BF53-8CF7C4C2C965}.Release|iPhone.ActiveCfg = Release|Any CPU
		{A2274541-B16A-41C1-BF53-8CF7C4C2C965}.Release|iPhone.Build.0 = Release|Any CPU
		{A2274541-B16A-41C1-BF53-8CF7C4C2C965}.Release|iPhone.Deploy.0 = Release|Any CPU
		{A2274541-B16A-41C1-BF53-8CF7C4C2C965}.Release|iPhoneSimulator.ActiveCfg = Release|Any CPU
		{A2274541-B16A-41C1-BF53-8CF7C4C2C965}.Release|iPhoneSimulator.Build.0 = Release|Any CPU
		{A2274541-B16A-41C1-BF53-8CF7C4C2C965}.Release|iPhoneSimulator.Deploy.0 = Release|Any CPU
		{A2274541-B16A-41C1-BF53-8CF7C4C2C965}.Release|x64.ActiveCfg = Release|Any CPU
		{A2274541-B16A-41C1-BF53-8CF7C4C2C965}.Release|x64.Build.0 = Release|Any CPU
		{A2274541-B16A-41C1-BF53-8CF7C4C2C965}.Release|x64.Deploy.0 = Release|Any CPU
		{A2274541-B16A-41C1-BF53-8CF7C4C2C965}.Release|x86.ActiveCfg = Release|Any CPU
		{A2274541-B16A-41C1-BF53-8CF7C4C2C965}.Release|x86.Build.0 = Release|Any CPU
		{A2274541-B16A-41C1-BF53-8CF7C4C2C965}.Release|x86.Deploy.0 = Release|Any CPU
		{92C5BF62-0061-4E48-B24E-277057B280C2}.Ad-Hoc|Any CPU.ActiveCfg = Debug|Any CPU
		{92C5BF62-0061-4E48-B24E-277057B280C2}.Ad-Hoc|Any CPU.Build.0 = Debug|Any CPU
		{92C5BF62-0061-4E48-B24E-277057B280C2}.Ad-Hoc|ARM.ActiveCfg = Debug|Any CPU
		{92C5BF62-0061-4E48-B24E-277057B280C2}.Ad-Hoc|ARM.Build.0 = Debug|Any CPU
		{92C5BF62-0061-4E48-B24E-277057B280C2}.Ad-Hoc|iPhone.ActiveCfg = Debug|Any CPU
		{92C5BF62-0061-4E48-B24E-277057B280C2}.Ad-Hoc|iPhone.Build.0 = Debug|Any CPU
		{92C5BF62-0061-4E48-B24E-277057B280C2}.Ad-Hoc|iPhoneSimulator.ActiveCfg = Debug|Any CPU
		{92C5BF62-0061-4E48-B24E-277057B280C2}.Ad-Hoc|iPhoneSimulator.Build.0 = Debug|Any CPU
		{92C5BF62-0061-4E48-B24E-277057B280C2}.Ad-Hoc|x64.ActiveCfg = Debug|Any CPU
		{92C5BF62-0061-4E48-B24E-277057B280C2}.Ad-Hoc|x64.Build.0 = Debug|Any CPU
		{92C5BF62-0061-4E48-B24E-277057B280C2}.Ad-Hoc|x86.ActiveCfg = Debug|Any CPU
		{92C5BF62-0061-4E48-B24E-277057B280C2}.Ad-Hoc|x86.Build.0 = Debug|Any CPU
		{92C5BF62-0061-4E48-B24E-277057B280C2}.AppStore|Any CPU.ActiveCfg = Debug|Any CPU
		{92C5BF62-0061-4E48-B24E-277057B280C2}.AppStore|Any CPU.Build.0 = Debug|Any CPU
		{92C5BF62-0061-4E48-B24E-277057B280C2}.AppStore|ARM.ActiveCfg = Debug|Any CPU
		{92C5BF62-0061-4E48-B24E-277057B280C2}.AppStore|ARM.Build.0 = Debug|Any CPU
		{92C5BF62-0061-4E48-B24E-277057B280C2}.AppStore|iPhone.ActiveCfg = Debug|Any CPU
		{92C5BF62-0061-4E48-B24E-277057B280C2}.AppStore|iPhone.Build.0 = Debug|Any CPU
		{92C5BF62-0061-4E48-B24E-277057B280C2}.AppStore|iPhoneSimulator.ActiveCfg = Debug|Any CPU
		{92C5BF62-0061-4E48-B24E-277057B280C2}.AppStore|iPhoneSimulator.Build.0 = Debug|Any CPU
		{92C5BF62-0061-4E48-B24E-277057B280C2}.AppStore|x64.ActiveCfg = Debug|Any CPU
		{92C5BF62-0061-4E48-B24E-277057B280C2}.AppStore|x64.Build.0 = Debug|Any CPU
		{92C5BF62-0061-4E48-B24E-277057B280C2}.AppStore|x86.ActiveCfg = Debug|Any CPU
		{92C5BF62-0061-4E48-B24E-277057B280C2}.AppStore|x86.Build.0 = Debug|Any CPU
		{92C5BF62-0061-4E48-B24E-277057B280C2}.Debug|Any CPU.ActiveCfg = Debug|Any CPU
		{92C5BF62-0061-4E48-B24E-277057B280C2}.Debug|Any CPU.Build.0 = Debug|Any CPU
		{92C5BF62-0061-4E48-B24E-277057B280C2}.Debug|ARM.ActiveCfg = Debug|Any CPU
		{92C5BF62-0061-4E48-B24E-277057B280C2}.Debug|ARM.Build.0 = Debug|Any CPU
		{92C5BF62-0061-4E48-B24E-277057B280C2}.Debug|iPhone.ActiveCfg = Debug|Any CPU
		{92C5BF62-0061-4E48-B24E-277057B280C2}.Debug|iPhone.Build.0 = Debug|Any CPU
		{92C5BF62-0061-4E48-B24E-277057B280C2}.Debug|iPhoneSimulator.ActiveCfg = Debug|Any CPU
		{92C5BF62-0061-4E48-B24E-277057B280C2}.Debug|iPhoneSimulator.Build.0 = Debug|Any CPU
		{92C5BF62-0061-4E48-B24E-277057B280C2}.Debug|x64.ActiveCfg = Debug|Any CPU
		{92C5BF62-0061-4E48-B24E-277057B280C2}.Debug|x64.Build.0 = Debug|Any CPU
		{92C5BF62-0061-4E48-B24E-277057B280C2}.Debug|x86.ActiveCfg = Debug|Any CPU
		{92C5BF62-0061-4E48-B24E-277057B280C2}.Debug|x86.Build.0 = Debug|Any CPU
		{92C5BF62-0061-4E48-B24E-277057B280C2}.Release|Any CPU.ActiveCfg = Release|Any CPU
		{92C5BF62-0061-4E48-B24E-277057B280C2}.Release|Any CPU.Build.0 = Release|Any CPU
		{92C5BF62-0061-4E48-B24E-277057B280C2}.Release|ARM.ActiveCfg = Release|Any CPU
		{92C5BF62-0061-4E48-B24E-277057B280C2}.Release|ARM.Build.0 = Release|Any CPU
		{92C5BF62-0061-4E48-B24E-277057B280C2}.Release|iPhone.ActiveCfg = Release|Any CPU
		{92C5BF62-0061-4E48-B24E-277057B280C2}.Release|iPhone.Build.0 = Release|Any CPU
		{92C5BF62-0061-4E48-B24E-277057B280C2}.Release|iPhoneSimulator.ActiveCfg = Release|Any CPU
		{92C5BF62-0061-4E48-B24E-277057B280C2}.Release|iPhoneSimulator.Build.0 = Release|Any CPU
		{92C5BF62-0061-4E48-B24E-277057B280C2}.Release|x64.ActiveCfg = Release|Any CPU
		{92C5BF62-0061-4E48-B24E-277057B280C2}.Release|x64.Build.0 = Release|Any CPU
		{92C5BF62-0061-4E48-B24E-277057B280C2}.Release|x86.ActiveCfg = Release|Any CPU
		{92C5BF62-0061-4E48-B24E-277057B280C2}.Release|x86.Build.0 = Release|Any CPU
		{957144E5-CD9E-4227-B3FC-8F94461C0D38}.Ad-Hoc|Any CPU.ActiveCfg = Debug|Any CPU
		{957144E5-CD9E-4227-B3FC-8F94461C0D38}.Ad-Hoc|Any CPU.Build.0 = Debug|Any CPU
		{957144E5-CD9E-4227-B3FC-8F94461C0D38}.Ad-Hoc|ARM.ActiveCfg = Debug|Any CPU
		{957144E5-CD9E-4227-B3FC-8F94461C0D38}.Ad-Hoc|ARM.Build.0 = Debug|Any CPU
		{957144E5-CD9E-4227-B3FC-8F94461C0D38}.Ad-Hoc|iPhone.ActiveCfg = Debug|Any CPU
		{957144E5-CD9E-4227-B3FC-8F94461C0D38}.Ad-Hoc|iPhone.Build.0 = Debug|Any CPU
		{957144E5-CD9E-4227-B3FC-8F94461C0D38}.Ad-Hoc|iPhoneSimulator.ActiveCfg = Debug|Any CPU
		{957144E5-CD9E-4227-B3FC-8F94461C0D38}.Ad-Hoc|iPhoneSimulator.Build.0 = Debug|Any CPU
		{957144E5-CD9E-4227-B3FC-8F94461C0D38}.Ad-Hoc|x64.ActiveCfg = Debug|Any CPU
		{957144E5-CD9E-4227-B3FC-8F94461C0D38}.Ad-Hoc|x64.Build.0 = Debug|Any CPU
		{957144E5-CD9E-4227-B3FC-8F94461C0D38}.Ad-Hoc|x86.ActiveCfg = Debug|Any CPU
		{957144E5-CD9E-4227-B3FC-8F94461C0D38}.Ad-Hoc|x86.Build.0 = Debug|Any CPU
		{957144E5-CD9E-4227-B3FC-8F94461C0D38}.AppStore|Any CPU.ActiveCfg = Debug|Any CPU
		{957144E5-CD9E-4227-B3FC-8F94461C0D38}.AppStore|Any CPU.Build.0 = Debug|Any CPU
		{957144E5-CD9E-4227-B3FC-8F94461C0D38}.AppStore|ARM.ActiveCfg = Debug|Any CPU
		{957144E5-CD9E-4227-B3FC-8F94461C0D38}.AppStore|ARM.Build.0 = Debug|Any CPU
		{957144E5-CD9E-4227-B3FC-8F94461C0D38}.AppStore|iPhone.ActiveCfg = Debug|Any CPU
		{957144E5-CD9E-4227-B3FC-8F94461C0D38}.AppStore|iPhone.Build.0 = Debug|Any CPU
		{957144E5-CD9E-4227-B3FC-8F94461C0D38}.AppStore|iPhoneSimulator.ActiveCfg = Debug|Any CPU
		{957144E5-CD9E-4227-B3FC-8F94461C0D38}.AppStore|iPhoneSimulator.Build.0 = Debug|Any CPU
		{957144E5-CD9E-4227-B3FC-8F94461C0D38}.AppStore|x64.ActiveCfg = Debug|Any CPU
		{957144E5-CD9E-4227-B3FC-8F94461C0D38}.AppStore|x64.Build.0 = Debug|Any CPU
		{957144E5-CD9E-4227-B3FC-8F94461C0D38}.AppStore|x86.ActiveCfg = Debug|Any CPU
		{957144E5-CD9E-4227-B3FC-8F94461C0D38}.AppStore|x86.Build.0 = Debug|Any CPU
		{957144E5-CD9E-4227-B3FC-8F94461C0D38}.Debug|Any CPU.ActiveCfg = Debug|Any CPU
		{957144E5-CD9E-4227-B3FC-8F94461C0D38}.Debug|Any CPU.Build.0 = Debug|Any CPU
		{957144E5-CD9E-4227-B3FC-8F94461C0D38}.Debug|ARM.ActiveCfg = Debug|Any CPU
		{957144E5-CD9E-4227-B3FC-8F94461C0D38}.Debug|ARM.Build.0 = Debug|Any CPU
		{957144E5-CD9E-4227-B3FC-8F94461C0D38}.Debug|iPhone.ActiveCfg = Debug|Any CPU
		{957144E5-CD9E-4227-B3FC-8F94461C0D38}.Debug|iPhone.Build.0 = Debug|Any CPU
		{957144E5-CD9E-4227-B3FC-8F94461C0D38}.Debug|iPhoneSimulator.ActiveCfg = Debug|Any CPU
		{957144E5-CD9E-4227-B3FC-8F94461C0D38}.Debug|iPhoneSimulator.Build.0 = Debug|Any CPU
		{957144E5-CD9E-4227-B3FC-8F94461C0D38}.Debug|x64.ActiveCfg = Debug|Any CPU
		{957144E5-CD9E-4227-B3FC-8F94461C0D38}.Debug|x64.Build.0 = Debug|Any CPU
		{957144E5-CD9E-4227-B3FC-8F94461C0D38}.Debug|x86.ActiveCfg = Debug|Any CPU
		{957144E5-CD9E-4227-B3FC-8F94461C0D38}.Debug|x86.Build.0 = Debug|Any CPU
		{957144E5-CD9E-4227-B3FC-8F94461C0D38}.Release|Any CPU.ActiveCfg = Release|Any CPU
		{957144E5-CD9E-4227-B3FC-8F94461C0D38}.Release|Any CPU.Build.0 = Release|Any CPU
		{957144E5-CD9E-4227-B3FC-8F94461C0D38}.Release|ARM.ActiveCfg = Release|Any CPU
		{957144E5-CD9E-4227-B3FC-8F94461C0D38}.Release|ARM.Build.0 = Release|Any CPU
		{957144E5-CD9E-4227-B3FC-8F94461C0D38}.Release|iPhone.ActiveCfg = Release|Any CPU
		{957144E5-CD9E-4227-B3FC-8F94461C0D38}.Release|iPhone.Build.0 = Release|Any CPU
		{957144E5-CD9E-4227-B3FC-8F94461C0D38}.Release|iPhoneSimulator.ActiveCfg = Release|Any CPU
		{957144E5-CD9E-4227-B3FC-8F94461C0D38}.Release|iPhoneSimulator.Build.0 = Release|Any CPU
		{957144E5-CD9E-4227-B3FC-8F94461C0D38}.Release|x64.ActiveCfg = Release|Any CPU
		{957144E5-CD9E-4227-B3FC-8F94461C0D38}.Release|x64.Build.0 = Release|Any CPU
		{957144E5-CD9E-4227-B3FC-8F94461C0D38}.Release|x86.ActiveCfg = Release|Any CPU
		{957144E5-CD9E-4227-B3FC-8F94461C0D38}.Release|x86.Build.0 = Release|Any CPU
		{E46C3B40-759F-4D16-A43D-D1C01E606BD0}.Ad-Hoc|Any CPU.ActiveCfg = Debug|Any CPU
		{E46C3B40-759F-4D16-A43D-D1C01E606BD0}.Ad-Hoc|Any CPU.Build.0 = Debug|Any CPU
		{E46C3B40-759F-4D16-A43D-D1C01E606BD0}.Ad-Hoc|ARM.ActiveCfg = Debug|Any CPU
		{E46C3B40-759F-4D16-A43D-D1C01E606BD0}.Ad-Hoc|ARM.Build.0 = Debug|Any CPU
		{E46C3B40-759F-4D16-A43D-D1C01E606BD0}.Ad-Hoc|iPhone.ActiveCfg = Debug|Any CPU
		{E46C3B40-759F-4D16-A43D-D1C01E606BD0}.Ad-Hoc|iPhone.Build.0 = Debug|Any CPU
		{E46C3B40-759F-4D16-A43D-D1C01E606BD0}.Ad-Hoc|iPhoneSimulator.ActiveCfg = Debug|Any CPU
		{E46C3B40-759F-4D16-A43D-D1C01E606BD0}.Ad-Hoc|iPhoneSimulator.Build.0 = Debug|Any CPU
		{E46C3B40-759F-4D16-A43D-D1C01E606BD0}.Ad-Hoc|x64.ActiveCfg = Debug|Any CPU
		{E46C3B40-759F-4D16-A43D-D1C01E606BD0}.Ad-Hoc|x64.Build.0 = Debug|Any CPU
		{E46C3B40-759F-4D16-A43D-D1C01E606BD0}.Ad-Hoc|x86.ActiveCfg = Debug|Any CPU
		{E46C3B40-759F-4D16-A43D-D1C01E606BD0}.Ad-Hoc|x86.Build.0 = Debug|Any CPU
		{E46C3B40-759F-4D16-A43D-D1C01E606BD0}.AppStore|Any CPU.ActiveCfg = Debug|Any CPU
		{E46C3B40-759F-4D16-A43D-D1C01E606BD0}.AppStore|Any CPU.Build.0 = Debug|Any CPU
		{E46C3B40-759F-4D16-A43D-D1C01E606BD0}.AppStore|ARM.ActiveCfg = Debug|Any CPU
		{E46C3B40-759F-4D16-A43D-D1C01E606BD0}.AppStore|ARM.Build.0 = Debug|Any CPU
		{E46C3B40-759F-4D16-A43D-D1C01E606BD0}.AppStore|iPhone.ActiveCfg = Debug|Any CPU
		{E46C3B40-759F-4D16-A43D-D1C01E606BD0}.AppStore|iPhone.Build.0 = Debug|Any CPU
		{E46C3B40-759F-4D16-A43D-D1C01E606BD0}.AppStore|iPhoneSimulator.ActiveCfg = Debug|Any CPU
		{E46C3B40-759F-4D16-A43D-D1C01E606BD0}.AppStore|iPhoneSimulator.Build.0 = Debug|Any CPU
		{E46C3B40-759F-4D16-A43D-D1C01E606BD0}.AppStore|x64.ActiveCfg = Debug|Any CPU
		{E46C3B40-759F-4D16-A43D-D1C01E606BD0}.AppStore|x64.Build.0 = Debug|Any CPU
		{E46C3B40-759F-4D16-A43D-D1C01E606BD0}.AppStore|x86.ActiveCfg = Debug|Any CPU
		{E46C3B40-759F-4D16-A43D-D1C01E606BD0}.AppStore|x86.Build.0 = Debug|Any CPU
		{E46C3B40-759F-4D16-A43D-D1C01E606BD0}.Debug|Any CPU.ActiveCfg = Debug|Any CPU
		{E46C3B40-759F-4D16-A43D-D1C01E606BD0}.Debug|Any CPU.Build.0 = Debug|Any CPU
		{E46C3B40-759F-4D16-A43D-D1C01E606BD0}.Debug|ARM.ActiveCfg = Debug|Any CPU
		{E46C3B40-759F-4D16-A43D-D1C01E606BD0}.Debug|ARM.Build.0 = Debug|Any CPU
		{E46C3B40-759F-4D16-A43D-D1C01E606BD0}.Debug|iPhone.ActiveCfg = Debug|Any CPU
		{E46C3B40-759F-4D16-A43D-D1C01E606BD0}.Debug|iPhone.Build.0 = Debug|Any CPU
		{E46C3B40-759F-4D16-A43D-D1C01E606BD0}.Debug|iPhoneSimulator.ActiveCfg = Debug|Any CPU
		{E46C3B40-759F-4D16-A43D-D1C01E606BD0}.Debug|iPhoneSimulator.Build.0 = Debug|Any CPU
		{E46C3B40-759F-4D16-A43D-D1C01E606BD0}.Debug|x64.ActiveCfg = Debug|Any CPU
		{E46C3B40-759F-4D16-A43D-D1C01E606BD0}.Debug|x64.Build.0 = Debug|Any CPU
		{E46C3B40-759F-4D16-A43D-D1C01E606BD0}.Debug|x86.ActiveCfg = Debug|Any CPU
		{E46C3B40-759F-4D16-A43D-D1C01E606BD0}.Debug|x86.Build.0 = Debug|Any CPU
		{E46C3B40-759F-4D16-A43D-D1C01E606BD0}.Release|Any CPU.ActiveCfg = Release|Any CPU
		{E46C3B40-759F-4D16-A43D-D1C01E606BD0}.Release|Any CPU.Build.0 = Release|Any CPU
		{E46C3B40-759F-4D16-A43D-D1C01E606BD0}.Release|ARM.ActiveCfg = Release|Any CPU
		{E46C3B40-759F-4D16-A43D-D1C01E606BD0}.Release|ARM.Build.0 = Release|Any CPU
		{E46C3B40-759F-4D16-A43D-D1C01E606BD0}.Release|iPhone.ActiveCfg = Release|Any CPU
		{E46C3B40-759F-4D16-A43D-D1C01E606BD0}.Release|iPhone.Build.0 = Release|Any CPU
		{E46C3B40-759F-4D16-A43D-D1C01E606BD0}.Release|iPhoneSimulator.ActiveCfg = Release|Any CPU
		{E46C3B40-759F-4D16-A43D-D1C01E606BD0}.Release|iPhoneSimulator.Build.0 = Release|Any CPU
		{E46C3B40-759F-4D16-A43D-D1C01E606BD0}.Release|x64.ActiveCfg = Release|Any CPU
		{E46C3B40-759F-4D16-A43D-D1C01E606BD0}.Release|x64.Build.0 = Release|Any CPU
		{E46C3B40-759F-4D16-A43D-D1C01E606BD0}.Release|x86.ActiveCfg = Release|Any CPU
		{E46C3B40-759F-4D16-A43D-D1C01E606BD0}.Release|x86.Build.0 = Release|Any CPU
		{3EFE2CA2-D463-4F01-AC25-8BAB3719EF72}.Ad-Hoc|Any CPU.ActiveCfg = Debug|Any CPU
		{3EFE2CA2-D463-4F01-AC25-8BAB3719EF72}.Ad-Hoc|Any CPU.Build.0 = Debug|Any CPU
		{3EFE2CA2-D463-4F01-AC25-8BAB3719EF72}.Ad-Hoc|ARM.ActiveCfg = Debug|Any CPU
		{3EFE2CA2-D463-4F01-AC25-8BAB3719EF72}.Ad-Hoc|ARM.Build.0 = Debug|Any CPU
		{3EFE2CA2-D463-4F01-AC25-8BAB3719EF72}.Ad-Hoc|iPhone.ActiveCfg = Debug|Any CPU
		{3EFE2CA2-D463-4F01-AC25-8BAB3719EF72}.Ad-Hoc|iPhone.Build.0 = Debug|Any CPU
		{3EFE2CA2-D463-4F01-AC25-8BAB3719EF72}.Ad-Hoc|iPhoneSimulator.ActiveCfg = Debug|Any CPU
		{3EFE2CA2-D463-4F01-AC25-8BAB3719EF72}.Ad-Hoc|iPhoneSimulator.Build.0 = Debug|Any CPU
		{3EFE2CA2-D463-4F01-AC25-8BAB3719EF72}.Ad-Hoc|x64.ActiveCfg = Debug|Any CPU
		{3EFE2CA2-D463-4F01-AC25-8BAB3719EF72}.Ad-Hoc|x64.Build.0 = Debug|Any CPU
		{3EFE2CA2-D463-4F01-AC25-8BAB3719EF72}.Ad-Hoc|x86.ActiveCfg = Debug|Any CPU
		{3EFE2CA2-D463-4F01-AC25-8BAB3719EF72}.Ad-Hoc|x86.Build.0 = Debug|Any CPU
		{3EFE2CA2-D463-4F01-AC25-8BAB3719EF72}.AppStore|Any CPU.ActiveCfg = Debug|Any CPU
		{3EFE2CA2-D463-4F01-AC25-8BAB3719EF72}.AppStore|Any CPU.Build.0 = Debug|Any CPU
		{3EFE2CA2-D463-4F01-AC25-8BAB3719EF72}.AppStore|ARM.ActiveCfg = Debug|Any CPU
		{3EFE2CA2-D463-4F01-AC25-8BAB3719EF72}.AppStore|ARM.Build.0 = Debug|Any CPU
		{3EFE2CA2-D463-4F01-AC25-8BAB3719EF72}.AppStore|iPhone.ActiveCfg = Debug|Any CPU
		{3EFE2CA2-D463-4F01-AC25-8BAB3719EF72}.AppStore|iPhone.Build.0 = Debug|Any CPU
		{3EFE2CA2-D463-4F01-AC25-8BAB3719EF72}.AppStore|iPhoneSimulator.ActiveCfg = Debug|Any CPU
		{3EFE2CA2-D463-4F01-AC25-8BAB3719EF72}.AppStore|iPhoneSimulator.Build.0 = Debug|Any CPU
		{3EFE2CA2-D463-4F01-AC25-8BAB3719EF72}.AppStore|x64.ActiveCfg = Debug|Any CPU
		{3EFE2CA2-D463-4F01-AC25-8BAB3719EF72}.AppStore|x64.Build.0 = Debug|Any CPU
		{3EFE2CA2-D463-4F01-AC25-8BAB3719EF72}.AppStore|x86.ActiveCfg = Debug|Any CPU
		{3EFE2CA2-D463-4F01-AC25-8BAB3719EF72}.AppStore|x86.Build.0 = Debug|Any CPU
		{3EFE2CA2-D463-4F01-AC25-8BAB3719EF72}.Debug|Any CPU.ActiveCfg = Debug|Any CPU
		{3EFE2CA2-D463-4F01-AC25-8BAB3719EF72}.Debug|Any CPU.Build.0 = Debug|Any CPU
		{3EFE2CA2-D463-4F01-AC25-8BAB3719EF72}.Debug|ARM.ActiveCfg = Debug|Any CPU
		{3EFE2CA2-D463-4F01-AC25-8BAB3719EF72}.Debug|ARM.Build.0 = Debug|Any CPU
		{3EFE2CA2-D463-4F01-AC25-8BAB3719EF72}.Debug|iPhone.ActiveCfg = Debug|Any CPU
		{3EFE2CA2-D463-4F01-AC25-8BAB3719EF72}.Debug|iPhone.Build.0 = Debug|Any CPU
		{3EFE2CA2-D463-4F01-AC25-8BAB3719EF72}.Debug|iPhoneSimulator.ActiveCfg = Debug|Any CPU
		{3EFE2CA2-D463-4F01-AC25-8BAB3719EF72}.Debug|iPhoneSimulator.Build.0 = Debug|Any CPU
		{3EFE2CA2-D463-4F01-AC25-8BAB3719EF72}.Debug|x64.ActiveCfg = Debug|Any CPU
		{3EFE2CA2-D463-4F01-AC25-8BAB3719EF72}.Debug|x64.Build.0 = Debug|Any CPU
		{3EFE2CA2-D463-4F01-AC25-8BAB3719EF72}.Debug|x86.ActiveCfg = Debug|Any CPU
		{3EFE2CA2-D463-4F01-AC25-8BAB3719EF72}.Debug|x86.Build.0 = Debug|Any CPU
		{3EFE2CA2-D463-4F01-AC25-8BAB3719EF72}.Release|Any CPU.ActiveCfg = Release|Any CPU
		{3EFE2CA2-D463-4F01-AC25-8BAB3719EF72}.Release|Any CPU.Build.0 = Release|Any CPU
		{3EFE2CA2-D463-4F01-AC25-8BAB3719EF72}.Release|ARM.ActiveCfg = Release|Any CPU
		{3EFE2CA2-D463-4F01-AC25-8BAB3719EF72}.Release|ARM.Build.0 = Release|Any CPU
		{3EFE2CA2-D463-4F01-AC25-8BAB3719EF72}.Release|iPhone.ActiveCfg = Release|Any CPU
		{3EFE2CA2-D463-4F01-AC25-8BAB3719EF72}.Release|iPhone.Build.0 = Release|Any CPU
		{3EFE2CA2-D463-4F01-AC25-8BAB3719EF72}.Release|iPhoneSimulator.ActiveCfg = Release|Any CPU
		{3EFE2CA2-D463-4F01-AC25-8BAB3719EF72}.Release|iPhoneSimulator.Build.0 = Release|Any CPU
		{3EFE2CA2-D463-4F01-AC25-8BAB3719EF72}.Release|x64.ActiveCfg = Release|Any CPU
		{3EFE2CA2-D463-4F01-AC25-8BAB3719EF72}.Release|x64.Build.0 = Release|Any CPU
		{3EFE2CA2-D463-4F01-AC25-8BAB3719EF72}.Release|x86.ActiveCfg = Release|Any CPU
		{3EFE2CA2-D463-4F01-AC25-8BAB3719EF72}.Release|x86.Build.0 = Release|Any CPU
		{5A8D80E3-F624-4632-BD6E-69BE615AD8E0}.Ad-Hoc|Any CPU.ActiveCfg = Release|Any CPU
		{5A8D80E3-F624-4632-BD6E-69BE615AD8E0}.Ad-Hoc|Any CPU.Build.0 = Release|Any CPU
		{5A8D80E3-F624-4632-BD6E-69BE615AD8E0}.Ad-Hoc|ARM.ActiveCfg = Release|Any CPU
		{5A8D80E3-F624-4632-BD6E-69BE615AD8E0}.Ad-Hoc|ARM.Build.0 = Release|Any CPU
		{5A8D80E3-F624-4632-BD6E-69BE615AD8E0}.Ad-Hoc|iPhone.ActiveCfg = Release|Any CPU
		{5A8D80E3-F624-4632-BD6E-69BE615AD8E0}.Ad-Hoc|iPhone.Build.0 = Release|Any CPU
		{5A8D80E3-F624-4632-BD6E-69BE615AD8E0}.Ad-Hoc|iPhoneSimulator.ActiveCfg = Release|Any CPU
		{5A8D80E3-F624-4632-BD6E-69BE615AD8E0}.Ad-Hoc|iPhoneSimulator.Build.0 = Release|Any CPU
		{5A8D80E3-F624-4632-BD6E-69BE615AD8E0}.Ad-Hoc|x64.ActiveCfg = Release|Any CPU
		{5A8D80E3-F624-4632-BD6E-69BE615AD8E0}.Ad-Hoc|x64.Build.0 = Release|Any CPU
		{5A8D80E3-F624-4632-BD6E-69BE615AD8E0}.Ad-Hoc|x86.ActiveCfg = Release|Any CPU
		{5A8D80E3-F624-4632-BD6E-69BE615AD8E0}.Ad-Hoc|x86.Build.0 = Release|Any CPU
		{5A8D80E3-F624-4632-BD6E-69BE615AD8E0}.AppStore|Any CPU.ActiveCfg = Release|Any CPU
		{5A8D80E3-F624-4632-BD6E-69BE615AD8E0}.AppStore|Any CPU.Build.0 = Release|Any CPU
		{5A8D80E3-F624-4632-BD6E-69BE615AD8E0}.AppStore|ARM.ActiveCfg = Release|Any CPU
		{5A8D80E3-F624-4632-BD6E-69BE615AD8E0}.AppStore|ARM.Build.0 = Release|Any CPU
		{5A8D80E3-F624-4632-BD6E-69BE615AD8E0}.AppStore|iPhone.ActiveCfg = Release|Any CPU
		{5A8D80E3-F624-4632-BD6E-69BE615AD8E0}.AppStore|iPhone.Build.0 = Release|Any CPU
		{5A8D80E3-F624-4632-BD6E-69BE615AD8E0}.AppStore|iPhoneSimulator.ActiveCfg = Release|Any CPU
		{5A8D80E3-F624-4632-BD6E-69BE615AD8E0}.AppStore|iPhoneSimulator.Build.0 = Release|Any CPU
		{5A8D80E3-F624-4632-BD6E-69BE615AD8E0}.AppStore|x64.ActiveCfg = Release|Any CPU
		{5A8D80E3-F624-4632-BD6E-69BE615AD8E0}.AppStore|x64.Build.0 = Release|Any CPU
		{5A8D80E3-F624-4632-BD6E-69BE615AD8E0}.AppStore|x86.ActiveCfg = Release|Any CPU
		{5A8D80E3-F624-4632-BD6E-69BE615AD8E0}.AppStore|x86.Build.0 = Release|Any CPU
		{5A8D80E3-F624-4632-BD6E-69BE615AD8E0}.Debug|Any CPU.ActiveCfg = Debug|Any CPU
		{5A8D80E3-F624-4632-BD6E-69BE615AD8E0}.Debug|Any CPU.Build.0 = Debug|Any CPU
		{5A8D80E3-F624-4632-BD6E-69BE615AD8E0}.Debug|ARM.ActiveCfg = Debug|Any CPU
		{5A8D80E3-F624-4632-BD6E-69BE615AD8E0}.Debug|ARM.Build.0 = Debug|Any CPU
		{5A8D80E3-F624-4632-BD6E-69BE615AD8E0}.Debug|iPhone.ActiveCfg = Debug|Any CPU
		{5A8D80E3-F624-4632-BD6E-69BE615AD8E0}.Debug|iPhone.Build.0 = Debug|Any CPU
		{5A8D80E3-F624-4632-BD6E-69BE615AD8E0}.Debug|iPhoneSimulator.ActiveCfg = Debug|Any CPU
		{5A8D80E3-F624-4632-BD6E-69BE615AD8E0}.Debug|iPhoneSimulator.Build.0 = Debug|Any CPU
		{5A8D80E3-F624-4632-BD6E-69BE615AD8E0}.Debug|x64.ActiveCfg = Debug|Any CPU
		{5A8D80E3-F624-4632-BD6E-69BE615AD8E0}.Debug|x64.Build.0 = Debug|Any CPU
		{5A8D80E3-F624-4632-BD6E-69BE615AD8E0}.Debug|x86.ActiveCfg = Debug|Any CPU
		{5A8D80E3-F624-4632-BD6E-69BE615AD8E0}.Debug|x86.Build.0 = Debug|Any CPU
		{5A8D80E3-F624-4632-BD6E-69BE615AD8E0}.Release|Any CPU.ActiveCfg = Release|Any CPU
		{5A8D80E3-F624-4632-BD6E-69BE615AD8E0}.Release|Any CPU.Build.0 = Release|Any CPU
		{5A8D80E3-F624-4632-BD6E-69BE615AD8E0}.Release|ARM.ActiveCfg = Release|Any CPU
		{5A8D80E3-F624-4632-BD6E-69BE615AD8E0}.Release|ARM.Build.0 = Release|Any CPU
		{5A8D80E3-F624-4632-BD6E-69BE615AD8E0}.Release|iPhone.ActiveCfg = Release|Any CPU
		{5A8D80E3-F624-4632-BD6E-69BE615AD8E0}.Release|iPhone.Build.0 = Release|Any CPU
		{5A8D80E3-F624-4632-BD6E-69BE615AD8E0}.Release|iPhoneSimulator.ActiveCfg = Release|Any CPU
		{5A8D80E3-F624-4632-BD6E-69BE615AD8E0}.Release|iPhoneSimulator.Build.0 = Release|Any CPU
		{5A8D80E3-F624-4632-BD6E-69BE615AD8E0}.Release|x64.ActiveCfg = Release|Any CPU
		{5A8D80E3-F624-4632-BD6E-69BE615AD8E0}.Release|x64.Build.0 = Release|Any CPU
		{5A8D80E3-F624-4632-BD6E-69BE615AD8E0}.Release|x86.ActiveCfg = Release|Any CPU
		{5A8D80E3-F624-4632-BD6E-69BE615AD8E0}.Release|x86.Build.0 = Release|Any CPU
		{04858FD2-1857-492C-B550-BF27ABA4655D}.Ad-Hoc|Any CPU.ActiveCfg = Debug|Any CPU
		{04858FD2-1857-492C-B550-BF27ABA4655D}.Ad-Hoc|Any CPU.Build.0 = Debug|Any CPU
		{04858FD2-1857-492C-B550-BF27ABA4655D}.Ad-Hoc|ARM.ActiveCfg = Debug|Any CPU
		{04858FD2-1857-492C-B550-BF27ABA4655D}.Ad-Hoc|ARM.Build.0 = Debug|Any CPU
		{04858FD2-1857-492C-B550-BF27ABA4655D}.Ad-Hoc|iPhone.ActiveCfg = Debug|Any CPU
		{04858FD2-1857-492C-B550-BF27ABA4655D}.Ad-Hoc|iPhone.Build.0 = Debug|Any CPU
		{04858FD2-1857-492C-B550-BF27ABA4655D}.Ad-Hoc|iPhoneSimulator.ActiveCfg = Debug|Any CPU
		{04858FD2-1857-492C-B550-BF27ABA4655D}.Ad-Hoc|iPhoneSimulator.Build.0 = Debug|Any CPU
		{04858FD2-1857-492C-B550-BF27ABA4655D}.Ad-Hoc|x64.ActiveCfg = Debug|Any CPU
		{04858FD2-1857-492C-B550-BF27ABA4655D}.Ad-Hoc|x64.Build.0 = Debug|Any CPU
		{04858FD2-1857-492C-B550-BF27ABA4655D}.Ad-Hoc|x86.ActiveCfg = Debug|Any CPU
		{04858FD2-1857-492C-B550-BF27ABA4655D}.Ad-Hoc|x86.Build.0 = Debug|Any CPU
		{04858FD2-1857-492C-B550-BF27ABA4655D}.AppStore|Any CPU.ActiveCfg = Debug|Any CPU
		{04858FD2-1857-492C-B550-BF27ABA4655D}.AppStore|Any CPU.Build.0 = Debug|Any CPU
		{04858FD2-1857-492C-B550-BF27ABA4655D}.AppStore|ARM.ActiveCfg = Debug|Any CPU
		{04858FD2-1857-492C-B550-BF27ABA4655D}.AppStore|ARM.Build.0 = Debug|Any CPU
		{04858FD2-1857-492C-B550-BF27ABA4655D}.AppStore|iPhone.ActiveCfg = Debug|Any CPU
		{04858FD2-1857-492C-B550-BF27ABA4655D}.AppStore|iPhone.Build.0 = Debug|Any CPU
		{04858FD2-1857-492C-B550-BF27ABA4655D}.AppStore|iPhoneSimulator.ActiveCfg = Debug|Any CPU
		{04858FD2-1857-492C-B550-BF27ABA4655D}.AppStore|iPhoneSimulator.Build.0 = Debug|Any CPU
		{04858FD2-1857-492C-B550-BF27ABA4655D}.AppStore|x64.ActiveCfg = Debug|Any CPU
		{04858FD2-1857-492C-B550-BF27ABA4655D}.AppStore|x64.Build.0 = Debug|Any CPU
		{04858FD2-1857-492C-B550-BF27ABA4655D}.AppStore|x86.ActiveCfg = Debug|Any CPU
		{04858FD2-1857-492C-B550-BF27ABA4655D}.AppStore|x86.Build.0 = Debug|Any CPU
		{04858FD2-1857-492C-B550-BF27ABA4655D}.Debug|Any CPU.ActiveCfg = Debug|Any CPU
		{04858FD2-1857-492C-B550-BF27ABA4655D}.Debug|Any CPU.Build.0 = Debug|Any CPU
		{04858FD2-1857-492C-B550-BF27ABA4655D}.Debug|ARM.ActiveCfg = Debug|Any CPU
		{04858FD2-1857-492C-B550-BF27ABA4655D}.Debug|ARM.Build.0 = Debug|Any CPU
		{04858FD2-1857-492C-B550-BF27ABA4655D}.Debug|iPhone.ActiveCfg = Debug|Any CPU
		{04858FD2-1857-492C-B550-BF27ABA4655D}.Debug|iPhone.Build.0 = Debug|Any CPU
		{04858FD2-1857-492C-B550-BF27ABA4655D}.Debug|iPhoneSimulator.ActiveCfg = Debug|Any CPU
		{04858FD2-1857-492C-B550-BF27ABA4655D}.Debug|iPhoneSimulator.Build.0 = Debug|Any CPU
		{04858FD2-1857-492C-B550-BF27ABA4655D}.Debug|x64.ActiveCfg = Debug|Any CPU
		{04858FD2-1857-492C-B550-BF27ABA4655D}.Debug|x64.Build.0 = Debug|Any CPU
		{04858FD2-1857-492C-B550-BF27ABA4655D}.Debug|x86.ActiveCfg = Debug|Any CPU
		{04858FD2-1857-492C-B550-BF27ABA4655D}.Debug|x86.Build.0 = Debug|Any CPU
		{04858FD2-1857-492C-B550-BF27ABA4655D}.Release|Any CPU.ActiveCfg = Release|Any CPU
		{04858FD2-1857-492C-B550-BF27ABA4655D}.Release|Any CPU.Build.0 = Release|Any CPU
		{04858FD2-1857-492C-B550-BF27ABA4655D}.Release|ARM.ActiveCfg = Release|Any CPU
		{04858FD2-1857-492C-B550-BF27ABA4655D}.Release|ARM.Build.0 = Release|Any CPU
		{04858FD2-1857-492C-B550-BF27ABA4655D}.Release|iPhone.ActiveCfg = Release|Any CPU
		{04858FD2-1857-492C-B550-BF27ABA4655D}.Release|iPhone.Build.0 = Release|Any CPU
		{04858FD2-1857-492C-B550-BF27ABA4655D}.Release|iPhoneSimulator.ActiveCfg = Release|Any CPU
		{04858FD2-1857-492C-B550-BF27ABA4655D}.Release|iPhoneSimulator.Build.0 = Release|Any CPU
		{04858FD2-1857-492C-B550-BF27ABA4655D}.Release|x64.ActiveCfg = Release|Any CPU
		{04858FD2-1857-492C-B550-BF27ABA4655D}.Release|x64.Build.0 = Release|Any CPU
		{04858FD2-1857-492C-B550-BF27ABA4655D}.Release|x86.ActiveCfg = Release|Any CPU
		{04858FD2-1857-492C-B550-BF27ABA4655D}.Release|x86.Build.0 = Release|Any CPU
	EndGlobalSection
	GlobalSection(SolutionProperties) = preSolution
		HideSolutionNode = FALSE
	EndGlobalSection
	GlobalSection(ExtensibilityGlobals) = postSolution
		SolutionGuid = {134F872B-12D8-40C3-BF75-6E940E7B21F0}
	EndGlobalSection
EndGlobal
